
Microsoft Visual Studio Solution File, Format Version 12.00
Project("{FAE04EC0-301F-11D3-BF4B-00C04F79EFBC}") = "DuckDuckGoose", "DuckDuckGoose\DuckDuckGoose.csproj", "{DBB0846E-D38A-452A-8946-9A28047318F5}"
EndProject
Global
	GlobalSection(SolutionConfigurationPlatforms) = preSolution
		Debug|Any CPU = Debug|Any CPU
		Release|Any CPU = Release|Any CPU
	EndGlobalSection
	GlobalSection(ProjectConfigurationPlatforms) = postSolution
		{DBB0846E-D38A-452A-8946-9A28047318F5}.Debug|Any CPU.ActiveCfg = Debug|Any CPU
		{DBB0846E-D38A-452A-8946-9A28047318F5}.Debug|Any CPU.Build.0 = Debug|Any CPU
		{DBB0846E-D38A-452A-8946-9A28047318F5}.Release|Any CPU.ActiveCfg = Release|Any CPU
		{DBB0846E-D38A-452A-8946-9A28047318F5}.Release|Any CPU.Build.0 = Release|Any CPU
	EndGlobalSection
EndGlobal
